
Microsoft Visual Studio Solution File, Format Version 12.00
# Visual Studio Version 17
VisualStudioVersion = 17.14.36414.22 d17.14
MinimumVisualStudioVersion = 10.0.40219.1
Project("{FAE04EC0-301F-11D3-BF4B-00C04F79EFBC}") = "PZ_6_Testing", "PZ_5_Testing\PZ_6_Testing.csproj", "{387186FA-162E-4008-9484-AD0DBF6C4B15}"
EndProject
Project("{FAE04EC0-301F-11D3-BF4B-00C04F79EFBC}") = "Client", "Client\Client.csproj", "{C7104C04-D785-4075-96C3-A85C20408291}"
EndProject
Global
	GlobalSection(SolutionConfigurationPlatforms) = preSolution
		Debug|Any CPU = Debug|Any CPU
		Release|Any CPU = Release|Any CPU
	EndGlobalSection
	GlobalSection(ProjectConfigurationPlatforms) = postSolution
		{387186FA-162E-4008-9484-AD0DBF6C4B15}.Debug|Any CPU.ActiveCfg = Debug|Any CPU
		{387186FA-162E-4008-9484-AD0DBF6C4B15}.Debug|Any CPU.Build.0 = Debug|Any CPU
		{387186FA-162E-4008-9484-AD0DBF6C4B15}.Release|Any CPU.ActiveCfg = Release|Any CPU
		{387186FA-162E-4008-9484-AD0DBF6C4B15}.Release|Any CPU.Build.0 = Release|Any CPU
		{C7104C04-D785-4075-96C3-A85C20408291}.Debug|Any CPU.ActiveCfg = Debug|Any CPU
		{C7104C04-D785-4075-96C3-A85C20408291}.Debug|Any CPU.Build.0 = Debug|Any CPU
		{C7104C04-D785-4075-96C3-A85C20408291}.Release|Any CPU.ActiveCfg = Release|Any CPU
		{C7104C04-D785-4075-96C3-A85C20408291}.Release|Any CPU.Build.0 = Release|Any CPU
	EndGlobalSection
	GlobalSection(SolutionProperties) = preSolution
		HideSolutionNode = FALSE
	EndGlobalSection
	GlobalSection(ExtensibilityGlobals) = postSolution
		SolutionGuid = {89AD315E-DFD7-4EBA-ACBE-0DE9C358A2C6}
	EndGlobalSection
EndGlobal
